
Microsoft Visual Studio Solution File, Format Version 12.00
# Visual Studio Version 17
VisualStudioVersion = 17.0.31903.59
MinimumVisualStudioVersion = 10.0.40219.1
Project("{2150E333-8FDC-42A3-9474-1A3956D46DE8}") = "src", "src", "{67E6D98D-96DF-47F2-A362-2DD4247A5461}"
EndProject
Project("{FAE04EC0-301F-11D3-BF4B-00C04F79EFBC}") = "IngaRecognizers.Text", "src\IngaRecognizers.Text\IngaRecognizers.Text.csproj", "{3DAFF22F-6DE2-47BC-B514-F4E4C66F48CA}"
EndProject
Project("{2150E333-8FDC-42A3-9474-1A3956D46DE8}") = "tests", "tests", "{1D15405E-8C0A-4E65-A326-48F80F04A908}"
EndProject
Project("{FAE04EC0-301F-11D3-BF4B-00C04F79EFBC}") = "IngaRecognizers.Text.Tests", "tests\IngaRecognizers.Text.Tests\IngaRecognizers.Text.Tests.csproj", "{F4FA7849-1209-4C80-B8F4-647853A27A46}"
EndProject
Global
	GlobalSection(SolutionConfigurationPlatforms) = preSolution
		Debug|Any CPU = Debug|Any CPU
		Release|Any CPU = Release|Any CPU
	EndGlobalSection
	GlobalSection(SolutionProperties) = preSolution
		HideSolutionNode = FALSE
	EndGlobalSection
	GlobalSection(ProjectConfigurationPlatforms) = postSolution
		{3DAFF22F-6DE2-47BC-B514-F4E4C66F48CA}.Debug|Any CPU.ActiveCfg = Debug|Any CPU
		{3DAFF22F-6DE2-47BC-B514-F4E4C66F48CA}.Debug|Any CPU.Build.0 = Debug|Any CPU
		{3DAFF22F-6DE2-47BC-B514-F4E4C66F48CA}.Release|Any CPU.ActiveCfg = Release|Any CPU
		{3DAFF22F-6DE2-47BC-B514-F4E4C66F48CA}.Release|Any CPU.Build.0 = Release|Any CPU
		{F4FA7849-1209-4C80-B8F4-647853A27A46}.Debug|Any CPU.ActiveCfg = Debug|Any CPU
		{F4FA7849-1209-4C80-B8F4-647853A27A46}.Debug|Any CPU.Build.0 = Debug|Any CPU
		{F4FA7849-1209-4C80-B8F4-647853A27A46}.Release|Any CPU.ActiveCfg = Release|Any CPU
		{F4FA7849-1209-4C80-B8F4-647853A27A46}.Release|Any CPU.Build.0 = Release|Any CPU
	EndGlobalSection
	GlobalSection(NestedProjects) = preSolution
		{3DAFF22F-6DE2-47BC-B514-F4E4C66F48CA} = {67E6D98D-96DF-47F2-A362-2DD4247A5461}
		{F4FA7849-1209-4C80-B8F4-647853A27A46} = {1D15405E-8C0A-4E65-A326-48F80F04A908}
	EndGlobalSection
EndGlobal
